
Microsoft Visual Studio Solution File, Format Version 12.00
# Visual Studio Version 16
VisualStudioVersion = 16.0.29519.87
MinimumVisualStudioVersion = 10.0.40219.1
Project("{9A19103F-16F7-4668-BE54-9A1E7A4F7556}") = "Direct.Producer", "Direct.Producer\Direct.Producer.csproj", "{92B1CBC5-C71C-400B-9687-D19AF83D0667}"
EndProject
Project("{9A19103F-16F7-4668-BE54-9A1E7A4F7556}") = "Direct.Consumer", "Direct.Consumer\Direct.Consumer.csproj", "{67992F38-D088-4912-97BF-0A6C602D9818}"
EndProject
Project("{2150E333-8FDC-42A3-9474-1A3956D46DE8}") = "02.Direct", "02.Direct", "{9F94B6F1-08B8-4306-B809-0D882311DB5A}"
EndProject
Project("{2150E333-8FDC-42A3-9474-1A3956D46DE8}") = "05.Ack", "05.Ack", "{28106F0E-A4AA-4CC9-B454-37B6D12054D0}"
EndProject
Project("{9A19103F-16F7-4668-BE54-9A1E7A4F7556}") = "Ack.Consumer", "Ack.Consumer\Ack.Consumer.csproj", "{7287DD2E-304B-44D9-A98B-6F63D6BFF237}"
EndProject
Project("{9A19103F-16F7-4668-BE54-9A1E7A4F7556}") = "Ack.Producer", "Ack.Producer\Ack.Producer.csproj", "{EB6F64DA-37CC-4327-91E6-7C3E46E5B2CE}"
EndProject
Project("{2150E333-8FDC-42A3-9474-1A3956D46DE8}") = "03.Topic", "03.Topic", "{2901DA4A-3044-402A-A584-2DED6C23827A}"
EndProject
Project("{9A19103F-16F7-4668-BE54-9A1E7A4F7556}") = "Topic.Consumer", "Topic.Consumer\Topic.Consumer.csproj", "{4C99F56C-1DF8-4B8C-BF57-D1189FCF217E}"
EndProject
Project("{9A19103F-16F7-4668-BE54-9A1E7A4F7556}") = "Topic.Producer", "Topic.Producer\Topic.Producer.csproj", "{A4E626E1-6DDE-4F66-AEC8-49A482ED6D44}"
EndProject
Project("{9A19103F-16F7-4668-BE54-9A1E7A4F7556}") = "PublisherConfirms.Producer", "PublisherConfirms.Producer\PublisherConfirms.Producer.csproj", "{500BB5C7-B840-418D-BEA9-98C97595F073}"
EndProject
Project("{2150E333-8FDC-42A3-9474-1A3956D46DE8}") = "07.PublisherConfirms", "07.PublisherConfirms", "{C9C71862-621A-4342-9AF7-4AB9B091F86B}"
EndProject
Project("{9A19103F-16F7-4668-BE54-9A1E7A4F7556}") = "DeadLetters.Producer", "DeadLetters.Producer\DeadLetters.Producer.csproj", "{C64CD0C4-4C6E-4D23-9341-931A4DB8AB30}"
EndProject
Project("{9A19103F-16F7-4668-BE54-9A1E7A4F7556}") = "DeadLetters.Consumer", "DeadLetters.Consumer\DeadLetters.Consumer.csproj", "{314E4434-E772-4D0F-87CA-FB418C082DB4}"
EndProject
Project("{2150E333-8FDC-42A3-9474-1A3956D46DE8}") = "06.DeadLetters", "06.DeadLetters", "{1BDA631A-FB36-4BF2-ACA1-F88641E9346A}"
EndProject
Project("{9A19103F-16F7-4668-BE54-9A1E7A4F7556}") = "Fanout.Producer", "Fanout.Producer\Fanout.Producer.csproj", "{984E9BDE-00A7-4012-9199-DFD017FF8FE1}"
EndProject
Project("{9A19103F-16F7-4668-BE54-9A1E7A4F7556}") = "Fanout.Consumer", "Fanout.Consumer\Fanout.Consumer.csproj", "{034581F5-D494-4DA8-B0C5-C265ED07D75A}"
EndProject
Project("{2150E333-8FDC-42A3-9474-1A3956D46DE8}") = "01.Fanout", "01.Fanout", "{83C763EE-6978-45DC-A9F4-73A5B93739E3}"
EndProject
Project("{2150E333-8FDC-42A3-9474-1A3956D46DE8}") = "04.Headers", "04.Headers", "{6C87FDBA-9A25-4ADF-AFB9-936382FC056B}"
EndProject
Project("{9A19103F-16F7-4668-BE54-9A1E7A4F7556}") = "Headers.Producer", "Headers.Producer\Headers.Producer.csproj", "{1B426B8D-79B5-4410-8876-FF44A87F3C21}"
EndProject
Project("{9A19103F-16F7-4668-BE54-9A1E7A4F7556}") = "Headers.Consumer", "Headers.Consumer\Headers.Consumer.csproj", "{49B84063-876F-4743-9379-71EB6B0A5037}"
EndProject
Global
	GlobalSection(SolutionConfigurationPlatforms) = preSolution
		Debug|Any CPU = Debug|Any CPU
		Release|Any CPU = Release|Any CPU
	EndGlobalSection
	GlobalSection(ProjectConfigurationPlatforms) = postSolution
		{92B1CBC5-C71C-400B-9687-D19AF83D0667}.Debug|Any CPU.ActiveCfg = Debug|Any CPU
		{92B1CBC5-C71C-400B-9687-D19AF83D0667}.Debug|Any CPU.Build.0 = Debug|Any CPU
		{92B1CBC5-C71C-400B-9687-D19AF83D0667}.Release|Any CPU.ActiveCfg = Release|Any CPU
		{92B1CBC5-C71C-400B-9687-D19AF83D0667}.Release|Any CPU.Build.0 = Release|Any CPU
		{67992F38-D088-4912-97BF-0A6C602D9818}.Debug|Any CPU.ActiveCfg = Debug|Any CPU
		{67992F38-D088-4912-97BF-0A6C602D9818}.Debug|Any CPU.Build.0 = Debug|Any CPU
		{67992F38-D088-4912-97BF-0A6C602D9818}.Release|Any CPU.ActiveCfg = Release|Any CPU
		{67992F38-D088-4912-97BF-0A6C602D9818}.Release|Any CPU.Build.0 = Release|Any CPU
		{7287DD2E-304B-44D9-A98B-6F63D6BFF237}.Debug|Any CPU.ActiveCfg = Debug|Any CPU
		{7287DD2E-304B-44D9-A98B-6F63D6BFF237}.Debug|Any CPU.Build.0 = Debug|Any CPU
		{7287DD2E-304B-44D9-A98B-6F63D6BFF237}.Release|Any CPU.ActiveCfg = Release|Any CPU
		{7287DD2E-304B-44D9-A98B-6F63D6BFF237}.Release|Any CPU.Build.0 = Release|Any CPU
		{EB6F64DA-37CC-4327-91E6-7C3E46E5B2CE}.Debug|Any CPU.ActiveCfg = Debug|Any CPU
		{EB6F64DA-37CC-4327-91E6-7C3E46E5B2CE}.Debug|Any CPU.Build.0 = Debug|Any CPU
		{EB6F64DA-37CC-4327-91E6-7C3E46E5B2CE}.Release|Any CPU.ActiveCfg = Release|Any CPU
		{EB6F64DA-37CC-4327-91E6-7C3E46E5B2CE}.Release|Any CPU.Build.0 = Release|Any CPU
		{4C99F56C-1DF8-4B8C-BF57-D1189FCF217E}.Debug|Any CPU.ActiveCfg = Debug|Any CPU
		{4C99F56C-1DF8-4B8C-BF57-D1189FCF217E}.Debug|Any CPU.Build.0 = Debug|Any CPU
		{4C99F56C-1DF8-4B8C-BF57-D1189FCF217E}.Release|Any CPU.ActiveCfg = Release|Any CPU
		{4C99F56C-1DF8-4B8C-BF57-D1189FCF217E}.Release|Any CPU.Build.0 = Release|Any CPU
		{A4E626E1-6DDE-4F66-AEC8-49A482ED6D44}.Debug|Any CPU.ActiveCfg = Debug|Any CPU
		{A4E626E1-6DDE-4F66-AEC8-49A482ED6D44}.Debug|Any CPU.Build.0 = Debug|Any CPU
		{A4E626E1-6DDE-4F66-AEC8-49A482ED6D44}.Release|Any CPU.ActiveCfg = Release|Any CPU
		{A4E626E1-6DDE-4F66-AEC8-49A482ED6D44}.Release|Any CPU.Build.0 = Release|Any CPU
		{500BB5C7-B840-418D-BEA9-98C97595F073}.Debug|Any CPU.ActiveCfg = Debug|Any CPU
		{500BB5C7-B840-418D-BEA9-98C97595F073}.Debug|Any CPU.Build.0 = Debug|Any CPU
		{500BB5C7-B840-418D-BEA9-98C97595F073}.Release|Any CPU.ActiveCfg = Release|Any CPU
		{500BB5C7-B840-418D-BEA9-98C97595F073}.Release|Any CPU.Build.0 = Release|Any CPU
		{C64CD0C4-4C6E-4D23-9341-931A4DB8AB30}.Debug|Any CPU.ActiveCfg = Debug|Any CPU
		{C64CD0C4-4C6E-4D23-9341-931A4DB8AB30}.Debug|Any CPU.Build.0 = Debug|Any CPU
		{C64CD0C4-4C6E-4D23-9341-931A4DB8AB30}.Release|Any CPU.ActiveCfg = Release|Any CPU
		{C64CD0C4-4C6E-4D23-9341-931A4DB8AB30}.Release|Any CPU.Build.0 = Release|Any CPU
		{314E4434-E772-4D0F-87CA-FB418C082DB4}.Debug|Any CPU.ActiveCfg = Debug|Any CPU
		{314E4434-E772-4D0F-87CA-FB418C082DB4}.Debug|Any CPU.Build.0 = Debug|Any CPU
		{314E4434-E772-4D0F-87CA-FB418C082DB4}.Release|Any CPU.ActiveCfg = Release|Any CPU
		{314E4434-E772-4D0F-87CA-FB418C082DB4}.Release|Any CPU.Build.0 = Release|Any CPU
		{984E9BDE-00A7-4012-9199-DFD017FF8FE1}.Debug|Any CPU.ActiveCfg = Debug|Any CPU
		{984E9BDE-00A7-4012-9199-DFD017FF8FE1}.Debug|Any CPU.Build.0 = Debug|Any CPU
		{984E9BDE-00A7-4012-9199-DFD017FF8FE1}.Release|Any CPU.ActiveCfg = Release|Any CPU
		{984E9BDE-00A7-4012-9199-DFD017FF8FE1}.Release|Any CPU.Build.0 = Release|Any CPU
		{034581F5-D494-4DA8-B0C5-C265ED07D75A}.Debug|Any CPU.ActiveCfg = Debug|Any CPU
		{034581F5-D494-4DA8-B0C5-C265ED07D75A}.Debug|Any CPU.Build.0 = Debug|Any CPU
		{034581F5-D494-4DA8-B0C5-C265ED07D75A}.Release|Any CPU.ActiveCfg = Release|Any CPU
		{034581F5-D494-4DA8-B0C5-C265ED07D75A}.Release|Any CPU.Build.0 = Release|Any CPU
		{1B426B8D-79B5-4410-8876-FF44A87F3C21}.Debug|Any CPU.ActiveCfg = Debug|Any CPU
		{1B426B8D-79B5-4410-8876-FF44A87F3C21}.Debug|Any CPU.Build.0 = Debug|Any CPU
		{1B426B8D-79B5-4410-8876-FF44A87F3C21}.Release|Any CPU.ActiveCfg = Release|Any CPU
		{1B426B8D-79B5-4410-8876-FF44A87F3C21}.Release|Any CPU.Build.0 = Release|Any CPU
		{49B84063-876F-4743-9379-71EB6B0A5037}.Debug|Any CPU.ActiveCfg = Debug|Any CPU
		{49B84063-876F-4743-9379-71EB6B0A5037}.Debug|Any CPU.Build.0 = Debug|Any CPU
		{49B84063-876F-4743-9379-71EB6B0A5037}.Release|Any CPU.ActiveCfg = Release|Any CPU
		{49B84063-876F-4743-9379-71EB6B0A5037}.Release|Any CPU.Build.0 = Release|Any CPU
	EndGlobalSection
	GlobalSection(SolutionProperties) = preSolution
		HideSolutionNode = FALSE
	EndGlobalSection
	GlobalSection(NestedProjects) = preSolution
		{92B1CBC5-C71C-400B-9687-D19AF83D0667} = {9F94B6F1-08B8-4306-B809-0D882311DB5A}
		{67992F38-D088-4912-97BF-0A6C602D9818} = {9F94B6F1-08B8-4306-B809-0D882311DB5A}
		{7287DD2E-304B-44D9-A98B-6F63D6BFF237} = {28106F0E-A4AA-4CC9-B454-37B6D12054D0}
		{EB6F64DA-37CC-4327-91E6-7C3E46E5B2CE} = {28106F0E-A4AA-4CC9-B454-37B6D12054D0}
		{4C99F56C-1DF8-4B8C-BF57-D1189FCF217E} = {2901DA4A-3044-402A-A584-2DED6C23827A}
		{A4E626E1-6DDE-4F66-AEC8-49A482ED6D44} = {2901DA4A-3044-402A-A584-2DED6C23827A}
		{500BB5C7-B840-418D-BEA9-98C97595F073} = {C9C71862-621A-4342-9AF7-4AB9B091F86B}
		{C64CD0C4-4C6E-4D23-9341-931A4DB8AB30} = {1BDA631A-FB36-4BF2-ACA1-F88641E9346A}
		{314E4434-E772-4D0F-87CA-FB418C082DB4} = {1BDA631A-FB36-4BF2-ACA1-F88641E9346A}
		{984E9BDE-00A7-4012-9199-DFD017FF8FE1} = {83C763EE-6978-45DC-A9F4-73A5B93739E3}
		{034581F5-D494-4DA8-B0C5-C265ED07D75A} = {83C763EE-6978-45DC-A9F4-73A5B93739E3}
		{1B426B8D-79B5-4410-8876-FF44A87F3C21} = {6C87FDBA-9A25-4ADF-AFB9-936382FC056B}
		{49B84063-876F-4743-9379-71EB6B0A5037} = {6C87FDBA-9A25-4ADF-AFB9-936382FC056B}
	EndGlobalSection
	GlobalSection(ExtensibilityGlobals) = postSolution
		SolutionGuid = {24B82BE2-88FA-4B79-8D10-F2E914D20FDF}
	EndGlobalSection
EndGlobal
